
Microsoft Visual Studio Solution File, Format Version 12.00
# Visual Studio Version 17
VisualStudioVersion = 17.4.33213.308
MinimumVisualStudioVersion = 10.0.40219.1
Project("{FAE04EC0-301F-11D3-BF4B-00C04F79EFBC}") = "MODUL3_1302213039", "MODUL3_1302213039\MODUL3_1302213039.csproj", "{DFFCB35B-CAEF-4EAE-A35A-1DE7D8DC0011}"
EndProject
Global
	GlobalSection(SolutionConfigurationPlatforms) = preSolution
		Debug|Any CPU = Debug|Any CPU
		Release|Any CPU = Release|Any CPU
	EndGlobalSection
	GlobalSection(ProjectConfigurationPlatforms) = postSolution
		{DFFCB35B-CAEF-4EAE-A35A-1DE7D8DC0011}.Debug|Any CPU.ActiveCfg = Debug|Any CPU
		{DFFCB35B-CAEF-4EAE-A35A-1DE7D8DC0011}.Debug|Any CPU.Build.0 = Debug|Any CPU
		{DFFCB35B-CAEF-4EAE-A35A-1DE7D8DC0011}.Release|Any CPU.ActiveCfg = Release|Any CPU
		{DFFCB35B-CAEF-4EAE-A35A-1DE7D8DC0011}.Release|Any CPU.Build.0 = Release|Any CPU
	EndGlobalSection
	GlobalSection(SolutionProperties) = preSolution
		HideSolutionNode = FALSE
	EndGlobalSection
	GlobalSection(ExtensibilityGlobals) = postSolution
		SolutionGuid = {4EE38B53-2C82-4EA9-BDD9-083071A6C75D}
	EndGlobalSection
EndGlobal
